
Microsoft Visual Studio Solution File, Format Version 12.00
# Visual Studio Version 17
VisualStudioVersion = 17.0.32014.148
MinimumVisualStudioVersion = 10.0.40219.1
Project("{FAE04EC0-301F-11D3-BF4B-00C04F79EFBC}") = "psiim", "psiim\psiim.csproj", "{5CC094B0-D732-4AC0-B30B-1FE9386489A7}"
EndProject
Global
	GlobalSection(SolutionConfigurationPlatforms) = preSolution
		Debug|Any CPU = Debug|Any CPU
		Release|Any CPU = Release|Any CPU
	EndGlobalSection
	GlobalSection(ProjectConfigurationPlatforms) = postSolution
		{5CC094B0-D732-4AC0-B30B-1FE9386489A7}.Debug|Any CPU.ActiveCfg = Debug|Any CPU
		{5CC094B0-D732-4AC0-B30B-1FE9386489A7}.Debug|Any CPU.Build.0 = Debug|Any CPU
		{5CC094B0-D732-4AC0-B30B-1FE9386489A7}.Release|Any CPU.ActiveCfg = Release|Any CPU
		{5CC094B0-D732-4AC0-B30B-1FE9386489A7}.Release|Any CPU.Build.0 = Release|Any CPU
	EndGlobalSection
	GlobalSection(SolutionProperties) = preSolution
		HideSolutionNode = FALSE
	EndGlobalSection
	GlobalSection(ExtensibilityGlobals) = postSolution
		SolutionGuid = {45B8DDFE-163A-4009-ABCE-EC115AF270BC}
	EndGlobalSection
EndGlobal
